
Microsoft Visual Studio Solution File, Format Version 12.00
# Visual Studio Version 16
VisualStudioVersion = 16.0.31624.102
MinimumVisualStudioVersion = 10.0.40219.1
Project("{FAE04EC0-301F-11D3-BF4B-00C04F79EFBC}") = "BankApp", "BankApp\BankApp.csproj", "{8C3CB906-948E-45E8-8D9A-332268853744}"
EndProject
Global
	GlobalSection(SolutionConfigurationPlatforms) = preSolution
		Debug|Any CPU = Debug|Any CPU
		Release|Any CPU = Release|Any CPU
	EndGlobalSection
	GlobalSection(ProjectConfigurationPlatforms) = postSolution
		{8C3CB906-948E-45E8-8D9A-332268853744}.Debug|Any CPU.ActiveCfg = Debug|Any CPU
		{8C3CB906-948E-45E8-8D9A-332268853744}.Debug|Any CPU.Build.0 = Debug|Any CPU
		{8C3CB906-948E-45E8-8D9A-332268853744}.Release|Any CPU.ActiveCfg = Release|Any CPU
		{8C3CB906-948E-45E8-8D9A-332268853744}.Release|Any CPU.Build.0 = Release|Any CPU
	EndGlobalSection
	GlobalSection(SolutionProperties) = preSolution
		HideSolutionNode = FALSE
	EndGlobalSection
	GlobalSection(ExtensibilityGlobals) = postSolution
		SolutionGuid = {73A78FB4-BBE0-4090-8BEE-2E1ABF468D14}
	EndGlobalSection
EndGlobal
